{
  "name": "odysseus",
  "lockfileVersion": 3,
  "requires": true,
  "packages": {
    "": {
      "devDependencies": {
        "@antithesishq/bombadil": "^0.7.0"
      }
    },
    "node_modules/@antithesishq/bombadil": {
      "version": "0.7.0",
      "resolved": "https://registry.npmjs.org/@antithesishq/bombadil/-/bombadil-0.7.0.tgz",
      "integrity": "sha512-alJmnphJ/iUoL5mCsnV3DwtajGy/sEQ3NJJCiMhgjqXshSq2BUtAs0vqdXEiiSkB8HbsOX5CLrAcaogYdwfAJg==",
      "dev": true,
      "license": "MIT",
      "bin": {
        "bombadil": "bin/bombadil.js"
      }
    }
  }
}
